# This file is automatically @generated by Cargo.
# It is not intended for manual editing.
version = 4

[[package]]
name = "agent-runtime"
version = "0.1.0"

[[package]]
name = "agent-sdk"
version = "0.1.0"

[[package]]
name = "orchestrator"
version = "0.1.0"

[[package]]
name = "skill-loader"
version = "0.1.0"

[[package]]
name = "tool-registry"
version = "0.1.0"
